
Microsoft Visual Studio Solution File, Format Version 12.00
# Visual Studio Version 17
VisualStudioVersion = 17.8.34408.163
MinimumVisualStudioVersion = 10.0.40219.1
Project("{FAE04EC0-301F-11D3-BF4B-00C04F79EFBC}") = "Mission08_Team0210", "Mission08_Team0210\Mission08_Team0210.csproj", "{05C0E59B-7733-4ACC-A85E-0B6D8DBDC6CA}"
EndProject
Global
	GlobalSection(SolutionConfigurationPlatforms) = preSolution
		Debug|Any CPU = Debug|Any CPU
		Release|Any CPU = Release|Any CPU
	EndGlobalSection
	GlobalSection(ProjectConfigurationPlatforms) = postSolution
		{05C0E59B-7733-4ACC-A85E-0B6D8DBDC6CA}.Debug|Any CPU.ActiveCfg = Debug|Any CPU
		{05C0E59B-7733-4ACC-A85E-0B6D8DBDC6CA}.Debug|Any CPU.Build.0 = Debug|Any CPU
		{05C0E59B-7733-4ACC-A85E-0B6D8DBDC6CA}.Release|Any CPU.ActiveCfg = Release|Any CPU
		{05C0E59B-7733-4ACC-A85E-0B6D8DBDC6CA}.Release|Any CPU.Build.0 = Release|Any CPU
	EndGlobalSection
	GlobalSection(SolutionProperties) = preSolution
		HideSolutionNode = FALSE
	EndGlobalSection
	GlobalSection(ExtensibilityGlobals) = postSolution
		SolutionGuid = {467C4C38-6AB0-4791-B77A-861B6451B5FA}
	EndGlobalSection
EndGlobal
